
Microsoft Visual Studio Solution File, Format Version 12.00
# Visual Studio 15
VisualStudioVersion = 15.0.28010.2036
MinimumVisualStudioVersion = 10.0.40219.1
Project("{FAE04EC0-301F-11D3-BF4B-00C04F79EFBC}") = "L02-data-structure-introduction", "cgl-programming-ba3-01\L02-data-structure-introduction.csproj", "{4DE67526-3222-4195-93ED-6F820000357C}"
EndProject
Global
	GlobalSection(SolutionConfigurationPlatforms) = preSolution
		Debug|Any CPU = Debug|Any CPU
		Release|Any CPU = Release|Any CPU
	EndGlobalSection
	GlobalSection(ProjectConfigurationPlatforms) = postSolution
		{4DE67526-3222-4195-93ED-6F820000357C}.Debug|Any CPU.ActiveCfg = Debug|Any CPU
		{4DE67526-3222-4195-93ED-6F820000357C}.Debug|Any CPU.Build.0 = Debug|Any CPU
		{4DE67526-3222-4195-93ED-6F820000357C}.Release|Any CPU.ActiveCfg = Release|Any CPU
		{4DE67526-3222-4195-93ED-6F820000357C}.Release|Any CPU.Build.0 = Release|Any CPU
	EndGlobalSection
	GlobalSection(SolutionProperties) = preSolution
		HideSolutionNode = FALSE
	EndGlobalSection
	GlobalSection(ExtensibilityGlobals) = postSolution
		SolutionGuid = {11FEC5C3-74D8-4531-BC42-D439E7808555}
	EndGlobalSection
EndGlobal
